
Microsoft Visual Studio Solution File, Format Version 12.00
# Visual Studio 15
VisualStudioVersion = 15.0.28307.136
MinimumVisualStudioVersion = 10.0.40219.1
Project("{FAE04EC0-301F-11D3-BF4B-00C04F79EFBC}") = "EFImplicitOperator", "EFImplicitOperator\EFImplicitOperator.csproj", "{640D1084-E1CD-400E-9180-6795C16E7C80}"
EndProject
Global
	GlobalSection(SolutionConfigurationPlatforms) = preSolution
		Debug|Any CPU = Debug|Any CPU
		Release|Any CPU = Release|Any CPU
	EndGlobalSection
	GlobalSection(ProjectConfigurationPlatforms) = postSolution
		{640D1084-E1CD-400E-9180-6795C16E7C80}.Debug|Any CPU.ActiveCfg = Debug|Any CPU
		{640D1084-E1CD-400E-9180-6795C16E7C80}.Debug|Any CPU.Build.0 = Debug|Any CPU
		{640D1084-E1CD-400E-9180-6795C16E7C80}.Release|Any CPU.ActiveCfg = Release|Any CPU
		{640D1084-E1CD-400E-9180-6795C16E7C80}.Release|Any CPU.Build.0 = Release|Any CPU
	EndGlobalSection
	GlobalSection(SolutionProperties) = preSolution
		HideSolutionNode = FALSE
	EndGlobalSection
	GlobalSection(ExtensibilityGlobals) = postSolution
		SolutionGuid = {91A4E6D5-59D1-4331-A13C-F81803476A71}
	EndGlobalSection
EndGlobal
